{
  "name": "jeremy-de-la-cruz",
  "version": "1.0.2",
  "lockfileVersion": 1,
  "requires": true,
  "dependencies": {
    "kevin-leung": {
      "version": "0.0.6",
      "resolved": "https://registry.npmjs.org/kevin-leung/-/kevin-leung-0.0.6.tgz",
      "integrity": "sha512-l6AB7FIENg7rI4kzMWbfrGc48Uxa1TWiQP+K5YaI1WLdfflLcbuRg399WaqYFQInwewsBy5cPLTKTE0ORY0brw=="
    }
  }
}
